
Microsoft Visual Studio Solution File, Format Version 12.00
# Visual Studio 15
Project("{FAE04EC0-301F-11D3-BF4B-00C04F79EFBC}") = "Assembly-CSharp", "Assembly-CSharp.csproj", "{7F4396FA-59A9-7952-153F-AE95FA61DDD2}"
EndProject
Global
	GlobalSection(SolutionConfigurationPlatforms) = preSolution
		Debug|Any CPU = Debug|Any CPU
		Release|Any CPU = Release|Any CPU
	EndGlobalSection
	GlobalSection(ProjectConfigurationPlatforms) = postSolution
		{7F4396FA-59A9-7952-153F-AE95FA61DDD2}.Debug|Any CPU.ActiveCfg = Debug|Any CPU
		{7F4396FA-59A9-7952-153F-AE95FA61DDD2}.Debug|Any CPU.Build.0 = Debug|Any CPU
		{7F4396FA-59A9-7952-153F-AE95FA61DDD2}.Release|Any CPU.ActiveCfg = Release|Any CPU
		{7F4396FA-59A9-7952-153F-AE95FA61DDD2}.Release|Any CPU.Build.0 = Release|Any CPU
	EndGlobalSection
	GlobalSection(SolutionProperties) = preSolution
		HideSolutionNode = FALSE
	EndGlobalSection
EndGlobal
